PODS:
  - ATest_Category (0.1.0)
  - Expecta (1.0.6)
  - Expecta+Snapshots (3.1.1):
    - Expecta (~> 1.0)
    - FBSnapshotTestCase/Core (~> 2.0)
    - Specta (~> 1.0)
  - FBSnapshotTestCase (2.1.4):
    - FBSnapshotTestCase/SwiftSupport (= 2.1.4)
  - FBSnapshotTestCase/Core (2.1.4)
  - FBSnapshotTestCase/SwiftSupport (2.1.4):
    - FBSnapshotTestCase/Core
  - Specta (1.0.7)

DEPENDENCIES:
  - ATest_Category (from `../`)
  - Expecta
  - Expecta+Snapshots
  - FBSnapshotTestCase
  - Specta

EXTERNAL SOURCES:
  ATest_Category:
    :path: ../

SPEC CHECKSUMS:
  ATest_Category: 1965bd379213813874998d4bf5c4d7e348f082c8
  Expecta: 3b6bd90a64b9a1dcb0b70aa0e10a7f8f631667d5
  Expecta+Snapshots: dcff217eef506dabd6dfdc7864ea2da321fafbb8
  FBSnapshotTestCase: 094f9f314decbabe373b87cc339bea235a63e07a
  Specta: 3e1bd89c3517421982dc4d1c992503e48bd5fe66

PODFILE CHECKSUM: dcf425e6472f34d965b1814001aa63058788dd8c

COCOAPODS: 1.4.0.beta.1
